// !$*UTF8*$!
{
	archiveVersion = 1;
	classes = {
	};
	objectVersion = 56;
	objects = {

/* Begin PBXBuildFile section */
		498899C029A55479007A3834 /* game_01App.swift in Sources */ = {isa = PBXBuildFile; fileRef = 498899BF29A55479007A3834 /* game_01App.swift */; };
		498899C229A55479007A3834 /* ContentView.swift in Sources */ = {isa = PBXBuildFile; fileRef = 498899C129A55479007A3834 /* ContentView.swift */; };
		498899C429A5547B007A3834 /* Assets.xcassets in Resources */ = {isa = PBXBuildFile; fileRef = 498899C329A5547B007A3834 /* Assets.xcassets */; };
		498899C729A5547B007A3834 /* Preview Assets.xcassets in Resources */ = {isa = PBXBuildFile; fileRef = 498899C629A5547B007A3834 /* Preview Assets.xcassets */; };
		498899D129A5547B007A3834 /* game_01Tests.swift in Sources */ = {isa = PBXBuildFile; fileRef = 498899D029A5547B007A3834 /* game_01Tests.swift */; };
		498899DB29A5547C007A3834 /* game_01UITests.swift in Sources */ = {isa = PBXBuildFile; fileRef = 498899DA29A5547C007A3834 /* game_01UITests.swift */; };
		498899DD29A5547C007A3834 /* game_01UITestsLaunchTests.swift in Sources */ = {isa = PBXBuildFile; fileRef = 498899DC29A5547C007A3834 /* game_01UITestsLaunchTests.swift */; };
/* End PBXBuildFile section */

/* Begin PBXContainerItemProxy section */
		498899CD29A5547B007A3834 /* PBXContainerItemProxy */ = {
			isa = PBXContainerItemProxy;
			containerPortal = 498899B429A55479007A3834 /* Project object */;
			proxyType = 1;
			remoteGlobalIDString = 498899BB29A55479007A3834;
			remoteInfo = game_01;
		};
		498899D729A5547C007A3834 /* PBXContainerItemProxy */ = {
			isa = PBXContainerItemProxy;
			containerPortal = 498899B429A55479007A3834 /* Project object */;
			proxyType = 1;
			remoteGlobalIDString = 498899BB29A55479007A3834;
			remoteInfo = game_01;
		};
/* End PBXContainerItemProxy section */

/* Begin PBXFileReference section */
		498899BC29A55479007A3834 /* game_01.app */ = {isa = PBXFileReference; explicitFileType = wrapper.application; includeInIndex = 0; path = game_01.app; sourceTree = BUILT_PRODUCTS_DIR; };
		498899BF29A55479007A3834 /* game_01App.swift */ = {isa = PBXFileReference; lastKnownFileType = sourcecode.swift; path = game_01App.swift; sourceTree = "<group>"; };
		498899C129A55479007A3834 /* ContentView.swift */ = {isa = PBXFileReference; lastKnownFileType = sourcecode.swift; path = ContentView.swift; sourceTree = "<group>"; };
		498899C329A5547B007A3834 /* Assets.xcassets */ = {isa = PBXFileReference; lastKnownFileType = folder.assetcatalog; path = Assets.xcassets; sourceTree = "<group>"; };
		498899C629A5547B007A3834 /* Preview Assets.xcassets */ = {isa = PBXFileReference; lastKnownFileType = folder.assetcatalog; path = "Preview Assets.xcassets"; sourceTree = "<group>"; };
		498899CC29A5547B007A3834 /* game_01Tests.xctest */ = {isa = PBXFileReference; explicitFileType = wrapper.cfbundle; includeInIndex = 0; path = game_01Tests.xctest; sourceTree = BUILT_PRODUCTS_DIR; };
		498899D029A5547B007A3834 /* game_01Tests.swift */ = {isa = PBXFileReference; lastKnownFileType = sourcecode.swift; path = game_01Tests.swift; sourceTree = "<group>"; };
		498899D629A5547C007A3834 /* game_01UITests.xctest */ = {isa = PBXFileReference; explicitFileType = wrapper.cfbundle; includeInIndex = 0; path = game_01UITests.xctest; sourceTree = BUILT_PRODUCTS_DIR; };
		498899DA29A5547C007A3834 /* game_01UITests.swift */ = {isa = PBXFileReference; lastKnownFileType = sourcecode.swift; path = game_01UITests.swift; sourceTree = "<group>"; };
		498899DC29A5547C007A3834 /* game_01UITestsLaunchTests.swift */ = {isa = PBXFileReference; lastKnownFileType = sourcecode.swift; path = game_01UITestsLaunchTests.swift; sourceTree = "<group>"; };
/* End PBXFileReference section */

/* Begin PBXFrameworksBuildPhase section */
		498899B929A55479007A3834 /* Frameworks */ = {
			isa = PBXFrameworksBuildPhase;
			buildActionMask = 2147483647;
			files = (
			);
			runOnlyForDeploymentPostprocessing = 0;
		};
		498899C929A5547B007A3834 /* Frameworks */ = {
			isa = PBXFrameworksBuildPhase;
			buildActionMask = 2147483647;
			files = (
			);
			runOnlyForDeploymentPostprocessing = 0;
		};
		498899D329A5547C007A3834 /* Frameworks */ = {
			isa = PBXFrameworksBuildPhase;
			buildActionMask = 2147483647;
			files = (
			);
			runOnlyForDeploymentPostprocessing = 0;
		};
/* End PBXFrameworksBuildPhase section */

/* Begin PBXGroup section */
		498899B329A55479007A3834 = {
			isa = PBXGroup;
			children = (
				498899BE29A55479007A3834 /* game_01 */,
				498899CF29A5547B007A3834 /* game_01Tests */,
				498899D929A5547C007A3834 /* game_01UITests */,
				498899BD29A55479007A3834 /* Products */,
			);
			sourceTree = "<group>";
		};
		498899BD29A55479007A3834 /* Products */ = {
			isa = PBXGroup;
			children = (
				498899BC29A55479007A3834 /* game_01.app */,
				498899CC29A5547B007A3834 /* game_01Tests.xctest */,
				498899D629A5547C007A3834 /* game_01UITests.xctest */,
			);
			name = Products;
			sourceTree = "<group>";
		};
		498899BE29A55479007A3834 /* game_01 */ = {
			isa = PBXGroup;
			children = (
				498899BF29A55479007A3834 /* game_01App.swift */,
				498899C129A55479007A3834 /* ContentView.swift */,
				498899C329A5547B007A3834 /* Assets.xcassets */,
				498899C529A5547B007A3834 /* Preview Content */,
			);
			path = game_01;
			sourceTree = "<group>";
		};
		498899C529A5547B007A3834 /* Preview Content */ = {
			isa = PBXGroup;
			children = (
				498899C629A5547B007A3834 /* Preview Assets.xcassets */,
			);
			path = "Preview Content";
			sourceTree = "<group>";
		};
		498899CF29A5547B007A3834 /* game_01Tests */ = {
			isa = PBXGroup;
			children = (
				498899D029A5547B007A3834 /* game_01Tests.swift */,
			);
			path = game_01Tests;
			sourceTree = "<group>";
		};
		498899D929A5547C007A3834 /* game_01UITests */ = {
			isa = PBXGroup;
			children = (
				498899DA29A5547C007A3834 /* game_01UITests.swift */,
				498899DC29A5547C007A3834 /* game_01UITestsLaunchTests.swift */,
			);
			path = game_01UITests;
			sourceTree = "<group>";
		};
/* End PBXGroup section */

/* Begin PBXNativeTarget section */
		498899BB29A55479007A3834 /* game_01 */ = {
			isa = PBXNativeTarget;
			buildConfigurationList = 498899E029A5547C007A3834 /* Build configuration list for PBXNativeTarget "game_01" */;
			buildPhases = (
				498899B829A55479007A3834 /* Sources */,
				498899B929A55479007A3834 /* Frameworks */,
				498899BA29A55479007A3834 /* Resources */,
			);
			buildRules = (
			);
			dependencies = (
			);
			name = game_01;
			productName = game_01;
			productReference = 498899BC29A55479007A3834 /* game_01.app */;
			productType = "com.apple.product-type.application";
		};
		498899CB29A5547B007A3834 /* game_01Tests */ = {
			isa = PBXNativeTarget;
			buildConfigurationList = 498899E329A5547C007A3834 /* Build configuration list for PBXNativeTarget "game_01Tests" */;
			buildPhases = (
				498899C829A5547B007A3834 /* Sources */,
				498899C929A5547B007A3834 /* Frameworks */,
				498899CA29A5547B007A3834 /* Resources */,
			);
			buildRules = (
			);
			dependencies = (
				498899CE29A5547B007A3834 /* PBXTargetDependency */,
			);
			name = game_01Tests;
			productName = game_01Tests;
			productReference = 498899CC29A5547B007A3834 /* game_01Tests.xctest */;
			productType = "com.apple.product-type.bundle.unit-test";
		};
		498899D529A5547C007A3834 /* game_01UITests */ = {
			isa = PBXNativeTarget;
			buildConfigurationList = 498899E629A5547C007A3834 /* Build configuration list for PBXNativeTarget "game_01UITests" */;
			buildPhases = (
				498899D229A5547C007A3834 /* Sources */,
				498899D329A5547C007A3834 /* Frameworks */,
				498899D429A5547C007A3834 /* Resources */,
			);
			buildRules = (
			);
			dependencies = (
				498899D829A5547C007A3834 /* PBXTargetDependency */,
			);
			name = game_01UITests;
			productName = game_01UITests;
			productReference = 498899D629A5547C007A3834 /* game_01UITests.xctest */;
			productType = "com.apple.product-type.bundle.ui-testing";
		};
/* End PBXNativeTarget section */

/* Begin PBXProject section */
		498899B429A55479007A3834 /* Project object */ = {
			isa = PBXProject;
			attributes = {
				BuildIndependentTargetsInParallel = 1;
				LastSwiftUpdateCheck = 1420;
				LastUpgradeCheck = 1420;
				TargetAttributes = {
					498899BB29A55479007A3834 = {
						CreatedOnToolsVersion = 14.2;
					};
					498899CB29A5547B007A3834 = {
						CreatedOnToolsVersion = 14.2;
						TestTargetID = 498899BB29A55479007A3834;
					};
					498899D529A5547C007A3834 = {
						CreatedOnToolsVersion = 14.2;
						TestTargetID = 498899BB29A55479007A3834;
					};
				};
			};
			buildConfigurationList = 498899B729A55479007A3834 /* Build configuration list for PBXProject "game_01" */;
			compatibilityVersion = "Xcode 14.0";
			developmentRegion = en;
			hasScannedForEncodings = 0;
			knownRegions = (
				en,
				Base,
			);
			mainGroup = 498899B329A55479007A3834;
			productRefGroup = 498899BD29A55479007A3834 /* Products */;
			projectDirPath = "";
			projectRoot = "";
			targets = (
				498899BB29A55479007A3834 /* game_01 */,
				498899CB29A5547B007A3834 /* game_01Tests */,
				498899D529A5547C007A3834 /* game_01UITests */,
			);
		};
/* End PBXProject section */

/* Begin PBXResourcesBuildPhase section */
		498899BA29A55479007A3834 /* Resources */ = {
			isa = PBXResourcesBuildPhase;
			buildActionMask = 2147483647;
			files = (
				498899C729A5547B007A3834 /* Preview Assets.xcassets in Resources */,
				498899C429A5547B007A3834 /* Assets.xcassets in Resources */,
			);
			runOnlyForDeploymentPostprocessing = 0;
		};
		498899CA29A5547B007A3834 /* Resources */ = {
			isa = PBXResourcesBuildPhase;
			buildActionMask = 2147483647;
			files = (
			);
			runOnlyForDeploymentPostprocessing = 0;
		};
		498899D429A5547C007A3834 /* Resources */ = {
			isa = PBXResourcesBuildPhase;
			buildActionMask = 2147483647;
			files = (
			);
			runOnlyForDeploymentPostprocessing = 0;
		};
/* End PBXResourcesBuildPhase section */

/* Begin PBXSourcesBuildPhase section */
		498899B829A55479007A3834 /* Sources */ = {
			isa = PBXSourcesBuildPhase;
			buildActionMask = 2147483647;
			files = (
				498899C229A55479007A3834 /* ContentView.swift in Sources */,
				498899C029A55479007A3834 /* game_01App.swift in Sources */,
			);
			runOnlyForDeploymentPostprocessing = 0;
		};
		498899C829A5547B007A3834 /* Sources */ = {
			isa = PBXSourcesBuildPhase;
			buildActionMask = 2147483647;
			files = (
				498899D129A5547B007A3834 /* game_01Tests.swift in Sources */,
			);
			runOnlyForDeploymentPostprocessing = 0;
		};
		498899D229A5547C007A3834 /* Sources */ = {
			isa = PBXSourcesBuildPhase;
			buildActionMask = 2147483647;
			files = (
				498899DB29A5547C007A3834 /* game_01UITests.swift in Sources */,
				498899DD29A5547C007A3834 /* game_01UITestsLaunchTests.swift in Sources */,
			);
			runOnlyForDeploymentPostprocessing = 0;
		};
/* End PBXSourcesBuildPhase section */

/* Begin PBXTargetDependency section */
		498899CE29A5547B007A3834 /* PBXTargetDependency */ = {
			isa = PBXTargetDependency;
			target = 498899BB29A55479007A3834 /* game_01 */;
			targetProxy = 498899CD29A5547B007A3834 /* PBXContainerItemProxy */;
		};
		498899D829A5547C007A3834 /* PBXTargetDependency */ = {
			isa = PBXTargetDependency;
			target = 498899BB29A55479007A3834 /* game_01 */;
			targetProxy = 498899D729A5547C007A3834 /* PBXContainerItemProxy */;
		};
/* End PBXTargetDependency section */

/* Begin XCBuildConfiguration section */
		498899DE29A5547C007A3834 /* Debug */ = {
			isa = XCBuildConfiguration;
			buildSettings = {
				ALWAYS_SEARCH_USER_PATHS = NO;
				CLANG_ANALYZER_NONNULL = YES;
				CLANG_ANALYZER_NUMBER_OBJECT_CONVERSION = YES_AGGRESSIVE;
				CLANG_CXX_LANGUAGE_STANDARD = "gnu++20";
				CLANG_ENABLE_MODULES = YES;
				CLANG_ENABLE_OBJC_ARC = YES;
				CLANG_ENABLE_OBJC_WEAK = YES;
				CLANG_WARN_BLOCK_CAPTURE_AUTORELEASING = YES;
				CLANG_WARN_BOOL_CONVERSION = YES;
				CLANG_WARN_COMMA = YES;
				CLANG_WARN_CONSTANT_CONVERSION = YES;
				CLANG_WARN_DEPRECATED_OBJC_IMPLEMENTATIONS = YES;
				CLANG_WARN_DIRECT_OBJC_ISA_USAGE = YES_ERROR;
				CLANG_WARN_DOCUMENTATION_COMMENTS = YES;
				CLANG_WARN_EMPTY_BODY = YES;
				CLANG_WARN_ENUM_CONVERSION = YES;
				CLANG_WARN_INFINITE_RECURSION = YES;
				CLANG_WARN_INT_CONVERSION = YES;
				CLANG_WARN_NON_LITERAL_NULL_CONVERSION = YES;
				CLANG_WARN_OBJC_IMPLICIT_RETAIN_SELF = YES;
				CLANG_WARN_OBJC_LITERAL_CONVERSION = YES;
				CLANG_WARN_OBJC_ROOT_CLASS = YES_ERROR;
				CLANG_WARN_QUOTED_INCLUDE_IN_FRAMEWORK_HEADER = YES;
				CLANG_WARN_RANGE_LOOP_ANALYSIS = YES;
				CLANG_WARN_STRICT_PROTOTYPES = YES;
				CLANG_WARN_SUSPICIOUS_MOVE = YES;
				CLANG_WARN_UNGUARDED_AVAILABILITY = YES_AGGRESSIVE;
				CLANG_WARN_UNREACHABLE_CODE = YES;
				CLANG_WARN__DUPLICATE_METHOD_MATCH = YES;
				COPY_PHASE_STRIP = NO;
				DEBUG_INFORMATION_FORMAT = dwarf;
				ENABLE_STRICT_OBJC_MSGSEND = YES;
				ENABLE_TESTABILITY = YES;
				GCC_C_LANGUAGE_STANDARD = gnu11;
				GCC_DYNAMIC_NO_PIC = NO;
				GCC_NO_COMMON_BLOCKS = YES;
				GCC_OPTIMIZATION_LEVEL = 0;
				GCC_PREPROCESSOR_DEFINITIONS = (
					"DEBUG=1",
					"$(inherited)",
				);
				GCC_WARN_64_TO_32_BIT_CONVERSION = YES;
				GCC_WARN_ABOUT_RETURN_TYPE = YES_ERROR;
				GCC_WARN_UNDECLARED_SELECTOR = YES;
				GCC_WARN_UNINITIALIZED_AUTOS = YES_AGGRESSIVE;
				GCC_WARN_UNUSED_FUNCTION = YES;
				GCC_WARN_UNUSED_VARIABLE = YES;
				IPHONEOS_DEPLOYMENT_TARGET = 16.2;
				MTL_ENABLE_DEBUG_INFO = INCLUDE_SOURCE;
				MTL_FAST_MATH = YES;
				ONLY_ACTIVE_ARCH = YES;
				SDKROOT = iphoneos;
				SWIFT_ACTIVE_COMPILATION_CONDITIONS = DEBUG;
				SWIFT_OPTIMIZATION_LEVEL = "-Onone";
			};
			name = Debug;
		};
		498899DF29A5547C007A3834 /* Release */ = {
			isa = XCBuildConfiguration;
			buildSettings = {
				ALWAYS_SEARCH_USER_PATHS = NO;
				CLANG_ANALYZER_NONNULL = YES;
				CLANG_ANALYZER_NUMBER_OBJECT_CONVERSION = YES_AGGRESSIVE;
				CLANG_CXX_LANGUAGE_STANDARD = "gnu++20";
				CLANG_ENABLE_MODULES = YES;
				CLANG_ENABLE_OBJC_ARC = YES;
				CLANG_ENABLE_OBJC_WEAK = YES;
				CLANG_WARN_BLOCK_CAPTURE_AUTORELEASING = YES;
				CLANG_WARN_BOOL_CONVERSION = YES;
				CLANG_WARN_COMMA = YES;
				CLANG_WARN_CONSTANT_CONVERSION = YES;
				CLANG_WARN_DEPRECATED_OBJC_IMPLEMENTATIONS = YES;
				CLANG_WARN_DIRECT_OBJC_ISA_USAGE = YES_ERROR;
				CLANG_WARN_DOCUMENTATION_COMMENTS = YES;
				CLANG_WARN_EMPTY_BODY = YES;
				CLANG_WARN_ENUM_CONVERSION = YES;
				CLANG_WARN_INFINITE_RECURSION = YES;
				CLANG_WARN_INT_CONVERSION = YES;
				CLANG_WARN_NON_LITERAL_NULL_CONVERSION = YES;
				CLANG_WARN_OBJC_IMPLICIT_RETAIN_SELF = YES;
				CLANG_WARN_OBJC_LITERAL_CONVERSION = YES;
				CLANG_WARN_OBJC_ROOT_CLASS = YES_ERROR;
				CLANG_WARN_QUOTED_INCLUDE_IN_FRAMEWORK_HEADER = YES;
				CLANG_WARN_RANGE_LOOP_ANALYSIS = YES;
				CLANG_WARN_STRICT_PROTOTYPES = YES;
				CLANG_WARN_SUSPICIOUS_MOVE = YES;
				CLANG_WARN_UNGUARDED_AVAILABILITY = YES_AGGRESSIVE;
				CLANG_WARN_UNREACHABLE_CODE = YES;
				CLANG_WARN__DUPLICATE_METHOD_MATCH = YES;
				COPY_PHASE_STRIP = NO;
				DEBUG_INFORMATION_FORMAT = "dwarf-with-dsym";
				ENABLE_NS_ASSERTIONS = NO;
				ENABLE_STRICT_OBJC_MSGSEND = YES;
				GCC_C_LANGUAGE_STANDARD = gnu11;
				GCC_NO_COMMON_BLOCKS = YES;
				GCC_WARN_64_TO_32_BIT_CONVERSION = YES;
				GCC_WARN_ABOUT_RETURN_TYPE = YES_ERROR;
				GCC_WARN_UNDECLARED_SELECTOR = YES;
				GCC_WARN_UNINITIALIZED_AUTOS = YES_AGGRESSIVE;
				GCC_WARN_UNUSED_FUNCTION = YES;
				GCC_WARN_UNUSED_VARIABLE = YES;
				IPHONEOS_DEPLOYMENT_TARGET = 16.2;
				MTL_ENABLE_DEBUG_INFO = NO;
				MTL_FAST_MATH = YES;
				SDKROOT = iphoneos;
				SWIFT_COMPILATION_MODE = wholemodule;
				SWIFT_OPTIMIZATION_LEVEL = "-O";
				VALIDATE_PRODUCT = YES;
			};
			name = Release;
		};
		498899E129A5547C007A3834 /* Debug */ = {
			isa = XCBuildConfiguration;
			buildSettings = {
				ASSETCATALOG_COMPILER_APPICON_NAME = AppIcon;
				ASSETCATALOG_COMPILER_GLOBAL_ACCENT_COLOR_NAME = AccentColor;
				CODE_SIGN_STYLE = Automatic;
				CURRENT_PROJECT_VERSION = 1;
				DEVELOPMENT_ASSET_PATHS = "\"game_01/Preview Content\"";
				DEVELOPMENT_TEAM = BYK2H3LM2H;
				ENABLE_PREVIEWS = YES;
				GENERATE_INFOPLIST_FILE = YES;
				INFOPLIST_KEY_UIApplicationSceneManifest_Generation = YES;
				INFOPLIST_KEY_UIApplicationSupportsIndirectInputEvents = YES;
				INFOPLIST_KEY_UILaunchScreen_Generation = YES;
				INFOPLIST_KEY_UISupportedInterfaceOrientations_iPad = "UIInterfaceOrientationPortrait UIInterfaceOrientationPortraitUpsideDown UIInterfaceOrientationLandscapeLeft UIInterfaceOrientationLandscapeRight";
				INFOPLIST_KEY_UISupportedInterfaceOrientations_iPhone = "UIInterfaceOrientationPortrait UIInterfaceOrientationLandscapeLeft UIInterfaceOrientationLandscapeRight";
				LD_RUNPATH_SEARCH_PATHS = (
					"$(inherited)",
					"@executable_path/Frameworks",
				);
				MARKETING_VERSION = 1.0;
				PRODUCT_BUNDLE_IDENTIFIER = "AC-Company.game-01";
				PRODUCT_NAME = "$(TARGET_NAME)";
				SWIFT_EMIT_LOC_STRINGS = YES;
				SWIFT_VERSION = 5.0;
				TARGETED_DEVICE_FAMILY = "1,2";
			};
			name = Debug;
		};
		498899E229A5547C007A3834 /* Release */ = {
			isa = XCBuildConfiguration;
			buildSettings = {
				ASSETCATALOG_COMPILER_APPICON_NAME = AppIcon;
				ASSETCATALOG_COMPILER_GLOBAL_ACCENT_COLOR_NAME = AccentColor;
				CODE_SIGN_STYLE = Automatic;
				CURRENT_PROJECT_VERSION = 1;
				DEVELOPMENT_ASSET_PATHS = "\"game_01/Preview Content\"";
				DEVELOPMENT_TEAM = BYK2H3LM2H;
				ENABLE_PREVIEWS = YES;
				GENERATE_INFOPLIST_FILE = YES;
				INFOPLIST_KEY_UIApplicationSceneManifest_Generation = YES;
				INFOPLIST_KEY_UIApplicationSupportsIndirectInputEvents = YES;
				INFOPLIST_KEY_UILaunchScreen_Generation = YES;
				INFOPLIST_KEY_UISupportedInterfaceOrientations_iPad = "UIInterfaceOrientationPortrait UIInterfaceOrientationPortraitUpsideDown UIInterfaceOrientationLandscapeLeft UIInterfaceOrientationLandscapeRight";
				INFOPLIST_KEY_UISupportedInterfaceOrientations_iPhone = "UIInterfaceOrientationPortrait UIInterfaceOrientationLandscapeLeft UIInterfaceOrientationLandscapeRight";
				LD_RUNPATH_SEARCH_PATHS = (
					"$(inherited)",
					"@executable_path/Frameworks",
				);
				MARKETING_VERSION = 1.0;
				PRODUCT_BUNDLE_IDENTIFIER = "AC-Company.game-01";
				PRODUCT_NAME = "$(TARGET_NAME)";
				SWIFT_EMIT_LOC_STRINGS = YES;
				SWIFT_VERSION = 5.0;
				TARGETED_DEVICE_FAMILY = "1,2";
			};
			name = Release;
		};
		498899E429A5547C007A3834 /* Debug */ = {
			isa = XCBuildConfiguration;
			buildSettings = {
				ALWAYS_EMBED_SWIFT_STANDARD_LIBRARIES = YES;
				BUNDLE_LOADER = "$(TEST_HOST)";
				CODE_SIGN_STYLE = Automatic;
				CURRENT_PROJECT_VERSION = 1;
				DEVELOPMENT_TEAM = BYK2H3LM2H;
				GENERATE_INFOPLIST_FILE = YES;
				IPHONEOS_DEPLOYMENT_TARGET = 16.2;
				MARKETING_VERSION = 1.0;
				PRODUCT_BUNDLE_IDENTIFIER = "AC-Company.game-01Tests";
				PRODUCT_NAME = "$(TARGET_NAME)";
				SWIFT_EMIT_LOC_STRINGS = NO;
				SWIFT_VERSION = 5.0;
				TARGETED_DEVICE_FAMILY = "1,2";
				TEST_HOST = "$(BUILT_PRODUCTS_DIR)/game_01.app/$(BUNDLE_EXECUTABLE_FOLDER_PATH)/game_01";
			};
			name = Debug;
		};
		498899E529A5547C007A3834 /* Release */ = {
			isa = XCBuildConfiguration;
			buildSettings = {
				ALWAYS_EMBED_SWIFT_STANDARD_LIBRARIES = YES;
				BUNDLE_LOADER = "$(TEST_HOST)";
				CODE_SIGN_STYLE = Automatic;
				CURRENT_PROJECT_VERSION = 1;
				DEVELOPMENT_TEAM = BYK2H3LM2H;
				GENERATE_INFOPLIST_FILE = YES;
				IPHONEOS_DEPLOYMENT_TARGET = 16.2;
				MARKETING_VERSION = 1.0;
				PRODUCT_BUNDLE_IDENTIFIER = "AC-Company.game-01Tests";
				PRODUCT_NAME = "$(TARGET_NAME)";
				SWIFT_EMIT_LOC_STRINGS = NO;
				SWIFT_VERSION = 5.0;
				TARGETED_DEVICE_FAMILY = "1,2";
				TEST_HOST = "$(BUILT_PRODUCTS_DIR)/game_01.app/$(BUNDLE_EXECUTABLE_FOLDER_PATH)/game_01";
			};
			name = Release;
		};
		498899E729A5547C007A3834 /* Debug */ = {
			isa = XCBuildConfiguration;
			buildSettings = {
				ALWAYS_EMBED_SWIFT_STANDARD_LIBRARIES = YES;
				CODE_SIGN_STYLE = Automatic;
				CURRENT_PROJECT_VERSION = 1;
				DEVELOPMENT_TEAM = BYK2H3LM2H;
				GENERATE_INFOPLIST_FILE = YES;
				MARKETING_VERSION = 1.0;
				PRODUCT_BUNDLE_IDENTIFIER = "AC-Company.game-01UITests";
				PRODUCT_NAME = "$(TARGET_NAME)";
				SWIFT_EMIT_LOC_STRINGS = NO;
				SWIFT_VERSION = 5.0;
				TARGETED_DEVICE_FAMILY = "1,2";
				TEST_TARGET_NAME = game_01;
			};
			name = Debug;
		};
		498899E829A5547C007A3834 /* Release */ = {
			isa = XCBuildConfiguration;
			buildSettings = {
				ALWAYS_EMBED_SWIFT_STANDARD_LIBRARIES = YES;
				CODE_SIGN_STYLE = Automatic;
				CURRENT_PROJECT_VERSION = 1;
				DEVELOPMENT_TEAM = BYK2H3LM2H;
				GENERATE_INFOPLIST_FILE = YES;
				MARKETING_VERSION = 1.0;
				PRODUCT_BUNDLE_IDENTIFIER = "AC-Company.game-01UITests";
				PRODUCT_NAME = "$(TARGET_NAME)";
				SWIFT_EMIT_LOC_STRINGS = NO;
				SWIFT_VERSION = 5.0;
				TARGETED_DEVICE_FAMILY = "1,2";
				TEST_TARGET_NAME = game_01;
			};
			name = Release;
		};
/* End XCBuildConfiguration section */

/* Begin XCConfigurationList section */
		498899B729A55479007A3834 /* Build configuration list for PBXProject "game_01" */ = {
			isa = XCConfigurationList;
			buildConfigurations = (
				498899DE29A5547C007A3834 /* Debug */,
				498899DF29A5547C007A3834 /* Release */,
			);
			defaultConfigurationIsVisible = 0;
			defaultConfigurationName = Release;
		};
		498899E029A5547C007A3834 /* Build configuration list for PBXNativeTarget "game_01" */ = {
			isa = XCConfigurationList;
			buildConfigurations = (
				498899E129A5547C007A3834 /* Debug */,
				498899E229A5547C007A3834 /* Release */,
			);
			defaultConfigurationIsVisible = 0;
			defaultConfigurationName = Release;
		};
		498899E329A5547C007A3834 /* Build configuration list for PBXNativeTarget "game_01Tests" */ = {
			isa = XCConfigurationList;
			buildConfigurations = (
				498899E429A5547C007A3834 /* Debug */,
				498899E529A5547C007A3834 /* Release */,
			);
			defaultConfigurationIsVisible = 0;
			defaultConfigurationName = Release;
		};
		498899E629A5547C007A3834 /* Build configuration list for PBXNativeTarget "game_01UITests" */ = {
			isa = XCConfigurationList;
			buildConfigurations = (
				498899E729A5547C007A3834 /* Debug */,
				498899E829A5547C007A3834 /* Release */,
			);
			defaultConfigurationIsVisible = 0;
			defaultConfigurationName = Release;
		};
/* End XCConfigurationList section */
	};
	rootObject = 498899B429A55479007A3834 /* Project object */;
}
